Microsoft Visual Studio Solution File, Format Version 12.00
# Visual Studio 14
Project("{8BC9CEB8-8B4A-11D0-8D11-00A0C91BC942}") = "ALL_BUILD", "ALL_BUILD.vcxproj", "{A125BE9C-7E27-32D7-B451-3A7B4677BDAC}"
	ProjectSection(ProjectDependencies) = postProject
		{80C7BAD1-2654-3DCF-8B39-4F50094BE640} = {80C7BAD1-2654-3DCF-8B39-4F50094BE640}
		{C90AD5AF-A860-3370-B8CE-1100FE0986BE} = {C90AD5AF-A860-3370-B8CE-1100FE0986BE}
		{551E9F2D-569C-38C2-8D18-9F5450E41B16} = {551E9F2D-569C-38C2-8D18-9F5450E41B16}
		{4EAFDB91-C3EA-36E4-A6A1-A20914981B6D} = {4EAFDB91-C3EA-36E4-A6A1-A20914981B6D}
		{0EAA87A9-65B7-32A0-9937-CA47049017A5} = {0EAA87A9-65B7-32A0-9937-CA47049017A5}
	EndProjectSection
EndProject
Project("{8BC9CEB8-8B4A-11D0-8D11-00A0C91BC942}") = "CHIP8lib", "CHIP8lib.vcxproj", "{80C7BAD1-2654-3DCF-8B39-4F50094BE640}"
	ProjectSection(ProjectDependencies) = postProject
		{C90AD5AF-A860-3370-B8CE-1100FE0986BE} = {C90AD5AF-A860-3370-B8CE-1100FE0986BE}
	EndProjectSection
EndProject
Project("{8BC9CEB8-8B4A-11D0-8D11-00A0C91BC942}") = "ZERO_CHECK", "ZERO_CHECK.vcxproj", "{C90AD5AF-A860-3370-B8CE-1100FE0986BE}"
	ProjectSection(ProjectDependencies) = postProject
	EndProjectSection
EndProject
Project("{8BC9CEB8-8B4A-11D0-8D11-00A0C91BC942}") = "chip-8", "chip-8.vcxproj", "{551E9F2D-569C-38C2-8D18-9F5450E41B16}"
	ProjectSection(ProjectDependencies) = postProject
		{80C7BAD1-2654-3DCF-8B39-4F50094BE640} = {80C7BAD1-2654-3DCF-8B39-4F50094BE640}
		{C90AD5AF-A860-3370-B8CE-1100FE0986BE} = {C90AD5AF-A860-3370-B8CE-1100FE0986BE}
	EndProjectSection
EndProject
Project("{8BC9CEB8-8B4A-11D0-8D11-00A0C91BC942}") = "unittest", "unittest.vcxproj", "{4EAFDB91-C3EA-36E4-A6A1-A20914981B6D}"
	ProjectSection(ProjectDependencies) = postProject
		{80C7BAD1-2654-3DCF-8B39-4F50094BE640} = {80C7BAD1-2654-3DCF-8B39-4F50094BE640}
		{C90AD5AF-A860-3370-B8CE-1100FE0986BE} = {C90AD5AF-A860-3370-B8CE-1100FE0986BE}
		{0EAA87A9-65B7-32A0-9937-CA47049017A5} = {0EAA87A9-65B7-32A0-9937-CA47049017A5}
	EndProjectSection
EndProject
Project("{8BC9CEB8-8B4A-11D0-8D11-00A0C91BC942}") = "unity", "external\unity.vcxproj", "{0EAA87A9-65B7-32A0-9937-CA47049017A5}"
	ProjectSection(ProjectDependencies) = postProject
		{C90AD5AF-A860-3370-B8CE-1100FE0986BE} = {C90AD5AF-A860-3370-B8CE-1100FE0986BE}
	EndProjectSection
EndProject
Global
	GlobalSection(SolutionConfigurationPlatforms) = preSolution
		Debug|x64 = Debug|x64
	EndGlobalSection
	GlobalSection(ProjectConfigurationPlatforms) = postSolution
		{A125BE9C-7E27-32D7-B451-3A7B4677BDAC}.Debug|x64.ActiveCfg = Debug|x64
		{80C7BAD1-2654-3DCF-8B39-4F50094BE640}.Debug|x64.ActiveCfg = Debug|x64
		{80C7BAD1-2654-3DCF-8B39-4F50094BE640}.Debug|x64.Build.0 = Debug|x64
		{C90AD5AF-A860-3370-B8CE-1100FE0986BE}.Debug|x64.ActiveCfg = Debug|x64
		{C90AD5AF-A860-3370-B8CE-1100FE0986BE}.Debug|x64.Build.0 = Debug|x64
		{551E9F2D-569C-38C2-8D18-9F5450E41B16}.Debug|x64.ActiveCfg = Debug|x64
		{551E9F2D-569C-38C2-8D18-9F5450E41B16}.Debug|x64.Build.0 = Debug|x64
		{4EAFDB91-C3EA-36E4-A6A1-A20914981B6D}.Debug|x64.ActiveCfg = Debug|x64
		{4EAFDB91-C3EA-36E4-A6A1-A20914981B6D}.Debug|x64.Build.0 = Debug|x64
		{0EAA87A9-65B7-32A0-9937-CA47049017A5}.Debug|x64.ActiveCfg = Debug|x64
		{0EAA87A9-65B7-32A0-9937-CA47049017A5}.Debug|x64.Build.0 = Debug|x64
	EndGlobalSection
	GlobalSection(ExtensibilityGlobals) = postSolution
	EndGlobalSection
	GlobalSection(ExtensibilityAddIns) = postSolution
	EndGlobalSection
EndGlobal
