<?xml version="1.0" encoding="UTF-8"?>
<Project ToolsVersion="14.0" xmlns="http://schemas.microsoft.com/developer/msbuild/2003">
  <ItemGroup>
    <CustomBuild Include="D:\Tim\Documents\GitHub\chip-8\win64\CMakeFiles\da62f0293e0bd5816e723c5ea07ac5f8\generate.stamp.rule">
      <Filter>CMake Rules</Filter>
    </CustomBuild>
  </ItemGroup>
  <ItemGroup>
    <Filter Include="CMake Rules">
      <UniqueIdentifier>{712204C7-E4EC-3A85-A963-65F65DFF449E}</UniqueIdentifier>
    </Filter>
  </ItemGroup>
</Project>
